
Microsoft Visual Studio Solution File, Format Version 12.00
# Visual Studio Version 17
VisualStudioVersion = 17.14.36109.1
MinimumVisualStudioVersion = 10.0.40219.1
Project("{FAE04EC0-301F-11D3-BF4B-00C04F79EFBC}") = "PACLEB_08102026", "PACLEB_08102026\PACLEB_08102026.csproj", "{9184660C-00B9-4C28-A796-9489ACBCCC8A}"
EndProject
Project("{FAE04EC0-301F-11D3-BF4B-00C04F79EFBC}") = "PACLEB_08102026.Tests", "PACLEB_08102026.Tests\PACLEB_08102026.Tests.csproj", "{6B62956E-0B28-4E2D-BA8D-78C1268E63A1}"
EndProject
Project("{2150E333-8FDC-42A3-9474-1A3956D46DE8}") = "Solution Items", "Solution Items", "{8EC462FD-D22E-90A8-E5CE-7E832BA40C5D}"
	ProjectSection(SolutionItems) = preProject
		README.md = README.md
	EndProjectSection
EndProject
Global
	GlobalSection(SolutionConfigurationPlatforms) = preSolution
		Debug|Any CPU = Debug|Any CPU
		Release|Any CPU = Release|Any CPU
	EndGlobalSection
	GlobalSection(ProjectConfigurationPlatforms) = postSolution
		{9184660C-00B9-4C28-A796-9489ACBCCC8A}.Debug|Any CPU.ActiveCfg = Debug|Any CPU
		{9184660C-00B9-4C28-A796-9489ACBCCC8A}.Debug|Any CPU.Build.0 = Debug|Any CPU
		{9184660C-00B9-4C28-A796-9489ACBCCC8A}.Release|Any CPU.ActiveCfg = Release|Any CPU
		{9184660C-00B9-4C28-A796-9489ACBCCC8A}.Release|Any CPU.Build.0 = Release|Any CPU
		{6B62956E-0B28-4E2D-BA8D-78C1268E63A1}.Debug|Any CPU.ActiveCfg = Debug|Any CPU
		{6B62956E-0B28-4E2D-BA8D-78C1268E63A1}.Debug|Any CPU.Build.0 = Debug|Any CPU
		{6B62956E-0B28-4E2D-BA8D-78C1268E63A1}.Release|Any CPU.ActiveCfg = Release|Any CPU
		{6B62956E-0B28-4E2D-BA8D-78C1268E63A1}.Release|Any CPU.Build.0 = Release|Any CPU
	EndGlobalSection
	GlobalSection(SolutionProperties) = preSolution
		HideSolutionNode = FALSE
	EndGlobalSection
	GlobalSection(ExtensibilityGlobals) = postSolution
		SolutionGuid = {07C79B49-1F7A-49B0-951A-873F0C39139E}
	EndGlobalSection
EndGlobal
